
Microsoft Visual Studio Solution File, Format Version 12.00
# Visual Studio Version 18
VisualStudioVersion = 18.1.11312.151 d18.0
MinimumVisualStudioVersion = 10.0.40219.1
Project("{2150E333-8FDC-42A3-9474-1A3956D46DE8}") = "libs", "libs", "{6C4D298B-81FB-2B6B-5AB6-46205EDDC72C}"
EndProject
Project("{FAE04EC0-301F-11D3-BF4B-00C04F79EFBC}") = "Gimzo.AppServices", "libs\Gimzo.AppServices\Gimzo.AppServices.csproj", "{78797842-BEF2-4C94-B286-7E525BB00BCE}"
EndProject
Project("{FAE04EC0-301F-11D3-BF4B-00C04F79EFBC}") = "Gimzo.Infrastructure", "libs\Gimzo.Infrastructure\Gimzo.Infrastructure.csproj", "{BAF4D837-E724-4A21-A400-F1F330FF9486}"
EndProject
Project("{2150E333-8FDC-42A3-9474-1A3956D46DE8}") = "apps", "apps", "{1787FE1D-075E-9E68-7218-25F1BD1BBEAB}"
EndProject
Project("{FAE04EC0-301F-11D3-BF4B-00C04F79EFBC}") = "Gimzo.Cli", "apps\Gimzo.Cli\Gimzo.Cli.csproj", "{37E0EDA4-7825-4601-9C2F-AF3E992386C9}"
EndProject
Project("{2150E333-8FDC-42A3-9474-1A3956D46DE8}") = "tests", "tests", "{0AB3BF05-4346-4AA6-1389-037BE0695223}"
EndProject
Project("{FAE04EC0-301F-11D3-BF4B-00C04F79EFBC}") = "Gimzo.AppServices.Tests", "tests\Gimzo.AppServices.Tests\Gimzo.AppServices.Tests.csproj", "{360CDD4B-DACF-49AC-B6B8-AFCCB7267E3A}"
EndProject
Project("{FAE04EC0-301F-11D3-BF4B-00C04F79EFBC}") = "Gimzo.Infrastructure.Tests", "tests\Gimzo.Infrastructure.Tests\Gimzo.Infrastructure.Tests.csproj", "{486B3D93-205A-4C65-8E34-36E2C1DC52B3}"
EndProject
Project("{FAE04EC0-301F-11D3-BF4B-00C04F79EFBC}") = "Gimzo.Common", "libs\Gimzo.Common\Gimzo.Common.csproj", "{49681991-E543-4A6C-9759-27FA549DF5CF}"
EndProject
Project("{FAE04EC0-301F-11D3-BF4B-00C04F79EFBC}") = "Gimzo.Analysis", "libs\Gimzo.Analysis\Gimzo.Analysis.csproj", "{D0631106-6314-42FC-81CC-EA10CB007E5F}"
EndProject
Project("{FAE04EC0-301F-11D3-BF4B-00C04F79EFBC}") = "Gimzo.Fdn.Cli", "apps\Gimzo.Fdn.Cli\Gimzo.Fdn.Cli.csproj", "{A447AAAE-C2A1-4407-A04D-30887DC005D6}"
EndProject
Global
	GlobalSection(SolutionConfigurationPlatforms) = preSolution
		Debug|Any CPU = Debug|Any CPU
		Debug|x64 = Debug|x64
		Debug|x86 = Debug|x86
		Release|Any CPU = Release|Any CPU
		Release|x64 = Release|x64
		Release|x86 = Release|x86
	EndGlobalSection
	GlobalSection(ProjectConfigurationPlatforms) = postSolution
		{78797842-BEF2-4C94-B286-7E525BB00BCE}.Debug|Any CPU.ActiveCfg = Debug|Any CPU
		{78797842-BEF2-4C94-B286-7E525BB00BCE}.Debug|Any CPU.Build.0 = Debug|Any CPU
		{78797842-BEF2-4C94-B286-7E525BB00BCE}.Debug|x64.ActiveCfg = Debug|Any CPU
		{78797842-BEF2-4C94-B286-7E525BB00BCE}.Debug|x64.Build.0 = Debug|Any CPU
		{78797842-BEF2-4C94-B286-7E525BB00BCE}.Debug|x86.ActiveCfg = Debug|Any CPU
		{78797842-BEF2-4C94-B286-7E525BB00BCE}.Debug|x86.Build.0 = Debug|Any CPU
		{78797842-BEF2-4C94-B286-7E525BB00BCE}.Release|Any CPU.ActiveCfg = Release|Any CPU
		{78797842-BEF2-4C94-B286-7E525BB00BCE}.Release|Any CPU.Build.0 = Release|Any CPU
		{78797842-BEF2-4C94-B286-7E525BB00BCE}.Release|x64.ActiveCfg = Release|Any CPU
		{78797842-BEF2-4C94-B286-7E525BB00BCE}.Release|x64.Build.0 = Release|Any CPU
		{78797842-BEF2-4C94-B286-7E525BB00BCE}.Release|x86.ActiveCfg = Release|Any CPU
		{78797842-BEF2-4C94-B286-7E525BB00BCE}.Release|x86.Build.0 = Release|Any CPU
		{BAF4D837-E724-4A21-A400-F1F330FF9486}.Debug|Any CPU.ActiveCfg = Debug|Any CPU
		{BAF4D837-E724-4A21-A400-F1F330FF9486}.Debug|Any CPU.Build.0 = Debug|Any CPU
		{BAF4D837-E724-4A21-A400-F1F330FF9486}.Debug|x64.ActiveCfg = Debug|Any CPU
		{BAF4D837-E724-4A21-A400-F1F330FF9486}.Debug|x64.Build.0 = Debug|Any CPU
		{BAF4D837-E724-4A21-A400-F1F330FF9486}.Debug|x86.ActiveCfg = Debug|Any CPU
		{BAF4D837-E724-4A21-A400-F1F330FF9486}.Debug|x86.Build.0 = Debug|Any CPU
		{BAF4D837-E724-4A21-A400-F1F330FF9486}.Release|Any CPU.ActiveCfg = Release|Any CPU
		{BAF4D837-E724-4A21-A400-F1F330FF9486}.Release|Any CPU.Build.0 = Release|Any CPU
		{BAF4D837-E724-4A21-A400-F1F330FF9486}.Release|x64.ActiveCfg = Release|Any CPU
		{BAF4D837-E724-4A21-A400-F1F330FF9486}.Release|x64.Build.0 = Release|Any CPU
		{BAF4D837-E724-4A21-A400-F1F330FF9486}.Release|x86.ActiveCfg = Release|Any CPU
		{BAF4D837-E724-4A21-A400-F1F330FF9486}.Release|x86.Build.0 = Release|Any CPU
		{37E0EDA4-7825-4601-9C2F-AF3E992386C9}.Debug|Any CPU.ActiveCfg = Debug|Any CPU
		{37E0EDA4-7825-4601-9C2F-AF3E992386C9}.Debug|Any CPU.Build.0 = Debug|Any CPU
		{37E0EDA4-7825-4601-9C2F-AF3E992386C9}.Debug|x64.ActiveCfg = Debug|Any CPU
		{37E0EDA4-7825-4601-9C2F-AF3E992386C9}.Debug|x64.Build.0 = Debug|Any CPU
		{37E0EDA4-7825-4601-9C2F-AF3E992386C9}.Debug|x86.ActiveCfg = Debug|Any CPU
		{37E0EDA4-7825-4601-9C2F-AF3E992386C9}.Debug|x86.Build.0 = Debug|Any CPU
		{37E0EDA4-7825-4601-9C2F-AF3E992386C9}.Release|Any CPU.ActiveCfg = Release|Any CPU
		{37E0EDA4-7825-4601-9C2F-AF3E992386C9}.Release|Any CPU.Build.0 = Release|Any CPU
		{37E0EDA4-7825-4601-9C2F-AF3E992386C9}.Release|x64.ActiveCfg = Release|Any CPU
		{37E0EDA4-7825-4601-9C2F-AF3E992386C9}.Release|x64.Build.0 = Release|Any CPU
		{37E0EDA4-7825-4601-9C2F-AF3E992386C9}.Release|x86.ActiveCfg = Release|Any CPU
		{37E0EDA4-7825-4601-9C2F-AF3E992386C9}.Release|x86.Build.0 = Release|Any CPU
		{360CDD4B-DACF-49AC-B6B8-AFCCB7267E3A}.Debug|Any CPU.ActiveCfg = Debug|Any CPU
		{360CDD4B-DACF-49AC-B6B8-AFCCB7267E3A}.Debug|Any CPU.Build.0 = Debug|Any CPU
		{360CDD4B-DACF-49AC-B6B8-AFCCB7267E3A}.Debug|x64.ActiveCfg = Debug|Any CPU
		{360CDD4B-DACF-49AC-B6B8-AFCCB7267E3A}.Debug|x64.Build.0 = Debug|Any CPU
		{360CDD4B-DACF-49AC-B6B8-AFCCB7267E3A}.Debug|x86.ActiveCfg = Debug|Any CPU
		{360CDD4B-DACF-49AC-B6B8-AFCCB7267E3A}.Debug|x86.Build.0 = Debug|Any CPU
		{360CDD4B-DACF-49AC-B6B8-AFCCB7267E3A}.Release|Any CPU.ActiveCfg = Release|Any CPU
		{360CDD4B-DACF-49AC-B6B8-AFCCB7267E3A}.Release|Any CPU.Build.0 = Release|Any CPU
		{360CDD4B-DACF-49AC-B6B8-AFCCB7267E3A}.Release|x64.ActiveCfg = Release|Any CPU
		{360CDD4B-DACF-49AC-B6B8-AFCCB7267E3A}.Release|x64.Build.0 = Release|Any CPU
		{360CDD4B-DACF-49AC-B6B8-AFCCB7267E3A}.Release|x86.ActiveCfg = Release|Any CPU
		{360CDD4B-DACF-49AC-B6B8-AFCCB7267E3A}.Release|x86.Build.0 = Release|Any CPU
		{486B3D93-205A-4C65-8E34-36E2C1DC52B3}.Debug|Any CPU.ActiveCfg = Debug|Any CPU
		{486B3D93-205A-4C65-8E34-36E2C1DC52B3}.Debug|Any CPU.Build.0 = Debug|Any CPU
		{486B3D93-205A-4C65-8E34-36E2C1DC52B3}.Debug|x64.ActiveCfg = Debug|Any CPU
		{486B3D93-205A-4C65-8E34-36E2C1DC52B3}.Debug|x64.Build.0 = Debug|Any CPU
		{486B3D93-205A-4C65-8E34-36E2C1DC52B3}.Debug|x86.ActiveCfg = Debug|Any CPU
		{486B3D93-205A-4C65-8E34-36E2C1DC52B3}.Debug|x86.Build.0 = Debug|Any CPU
		{486B3D93-205A-4C65-8E34-36E2C1DC52B3}.Release|Any CPU.ActiveCfg = Release|Any CPU
		{486B3D93-205A-4C65-8E34-36E2C1DC52B3}.Release|Any CPU.Build.0 = Release|Any CPU
		{486B3D93-205A-4C65-8E34-36E2C1DC52B3}.Release|x64.ActiveCfg = Release|Any CPU
		{486B3D93-205A-4C65-8E34-36E2C1DC52B3}.Release|x64.Build.0 = Release|Any CPU
		{486B3D93-205A-4C65-8E34-36E2C1DC52B3}.Release|x86.ActiveCfg = Release|Any CPU
		{486B3D93-205A-4C65-8E34-36E2C1DC52B3}.Release|x86.Build.0 = Release|Any CPU
		{49681991-E543-4A6C-9759-27FA549DF5CF}.Debug|Any CPU.ActiveCfg = Debug|Any CPU
		{49681991-E543-4A6C-9759-27FA549DF5CF}.Debug|Any CPU.Build.0 = Debug|Any CPU
		{49681991-E543-4A6C-9759-27FA549DF5CF}.Debug|x64.ActiveCfg = Debug|Any CPU
		{49681991-E543-4A6C-9759-27FA549DF5CF}.Debug|x64.Build.0 = Debug|Any CPU
		{49681991-E543-4A6C-9759-27FA549DF5CF}.Debug|x86.ActiveCfg = Debug|Any CPU
		{49681991-E543-4A6C-9759-27FA549DF5CF}.Debug|x86.Build.0 = Debug|Any CPU
		{49681991-E543-4A6C-9759-27FA549DF5CF}.Release|Any CPU.ActiveCfg = Release|Any CPU
		{49681991-E543-4A6C-9759-27FA549DF5CF}.Release|Any CPU.Build.0 = Release|Any CPU
		{49681991-E543-4A6C-9759-27FA549DF5CF}.Release|x64.ActiveCfg = Release|Any CPU
		{49681991-E543-4A6C-9759-27FA549DF5CF}.Release|x64.Build.0 = Release|Any CPU
		{49681991-E543-4A6C-9759-27FA549DF5CF}.Release|x86.ActiveCfg = Release|Any CPU
		{49681991-E543-4A6C-9759-27FA549DF5CF}.Release|x86.Build.0 = Release|Any CPU
		{D0631106-6314-42FC-81CC-EA10CB007E5F}.Debug|Any CPU.ActiveCfg = Debug|Any CPU
		{D0631106-6314-42FC-81CC-EA10CB007E5F}.Debug|Any CPU.Build.0 = Debug|Any CPU
		{D0631106-6314-42FC-81CC-EA10CB007E5F}.Debug|x64.ActiveCfg = Debug|Any CPU
		{D0631106-6314-42FC-81CC-EA10CB007E5F}.Debug|x64.Build.0 = Debug|Any CPU
		{D0631106-6314-42FC-81CC-EA10CB007E5F}.Debug|x86.ActiveCfg = Debug|Any CPU
		{D0631106-6314-42FC-81CC-EA10CB007E5F}.Debug|x86.Build.0 = Debug|Any CPU
		{D0631106-6314-42FC-81CC-EA10CB007E5F}.Release|Any CPU.ActiveCfg = Release|Any CPU
		{D0631106-6314-42FC-81CC-EA10CB007E5F}.Release|Any CPU.Build.0 = Release|Any CPU
		{D0631106-6314-42FC-81CC-EA10CB007E5F}.Release|x64.ActiveCfg = Release|Any CPU
		{D0631106-6314-42FC-81CC-EA10CB007E5F}.Release|x64.Build.0 = Release|Any CPU
		{D0631106-6314-42FC-81CC-EA10CB007E5F}.Release|x86.ActiveCfg = Release|Any CPU
		{D0631106-6314-42FC-81CC-EA10CB007E5F}.Release|x86.Build.0 = Release|Any CPU
		{A447AAAE-C2A1-4407-A04D-30887DC005D6}.Debug|Any CPU.ActiveCfg = Debug|Any CPU
		{A447AAAE-C2A1-4407-A04D-30887DC005D6}.Debug|Any CPU.Build.0 = Debug|Any CPU
		{A447AAAE-C2A1-4407-A04D-30887DC005D6}.Debug|x64.ActiveCfg = Debug|Any CPU
		{A447AAAE-C2A1-4407-A04D-30887DC005D6}.Debug|x64.Build.0 = Debug|Any CPU
		{A447AAAE-C2A1-4407-A04D-30887DC005D6}.Debug|x86.ActiveCfg = Debug|Any CPU
		{A447AAAE-C2A1-4407-A04D-30887DC005D6}.Debug|x86.Build.0 = Debug|Any CPU
		{A447AAAE-C2A1-4407-A04D-30887DC005D6}.Release|Any CPU.ActiveCfg = Release|Any CPU
		{A447AAAE-C2A1-4407-A04D-30887DC005D6}.Release|Any CPU.Build.0 = Release|Any CPU
		{A447AAAE-C2A1-4407-A04D-30887DC005D6}.Release|x64.ActiveCfg = Release|Any CPU
		{A447AAAE-C2A1-4407-A04D-30887DC005D6}.Release|x64.Build.0 = Release|Any CPU
		{A447AAAE-C2A1-4407-A04D-30887DC005D6}.Release|x86.ActiveCfg = Release|Any CPU
		{A447AAAE-C2A1-4407-A04D-30887DC005D6}.Release|x86.Build.0 = Release|Any CPU
	EndGlobalSection
	GlobalSection(SolutionProperties) = preSolution
		HideSolutionNode = FALSE
	EndGlobalSection
	GlobalSection(NestedProjects) = preSolution
		{78797842-BEF2-4C94-B286-7E525BB00BCE} = {6C4D298B-81FB-2B6B-5AB6-46205EDDC72C}
		{BAF4D837-E724-4A21-A400-F1F330FF9486} = {6C4D298B-81FB-2B6B-5AB6-46205EDDC72C}
		{37E0EDA4-7825-4601-9C2F-AF3E992386C9} = {1787FE1D-075E-9E68-7218-25F1BD1BBEAB}
		{360CDD4B-DACF-49AC-B6B8-AFCCB7267E3A} = {0AB3BF05-4346-4AA6-1389-037BE0695223}
		{486B3D93-205A-4C65-8E34-36E2C1DC52B3} = {0AB3BF05-4346-4AA6-1389-037BE0695223}
		{49681991-E543-4A6C-9759-27FA549DF5CF} = {6C4D298B-81FB-2B6B-5AB6-46205EDDC72C}
		{D0631106-6314-42FC-81CC-EA10CB007E5F} = {6C4D298B-81FB-2B6B-5AB6-46205EDDC72C}
		{A447AAAE-C2A1-4407-A04D-30887DC005D6} = {1787FE1D-075E-9E68-7218-25F1BD1BBEAB}
	EndGlobalSection
	GlobalSection(ExtensibilityGlobals) = postSolution
		SolutionGuid = {34C9794A-BB36-40C9-8709-B486FD95FD47}
	EndGlobalSection
EndGlobal
